
Microsoft Visual Studio Solution File, Format Version 12.00
# Visual Studio Version 16
VisualStudioVersion = 16.0.31515.178
MinimumVisualStudioVersion = 10.0.40219.1
Project("{FAE04EC0-301F-11D3-BF4B-00C04F79EFBC}") = "abstraction", "abstraction\abstraction.csproj", "{46FC0041-A808-4B68-B335-5FF04CD2D135}"
EndProject
Global
	GlobalSection(SolutionConfigurationPlatforms) = preSolution
		Debug|Any CPU = Debug|Any CPU
		Release|Any CPU = Release|Any CPU
	EndGlobalSection
	GlobalSection(ProjectConfigurationPlatforms) = postSolution
		{46FC0041-A808-4B68-B335-5FF04CD2D135}.Debug|Any CPU.ActiveCfg = Debug|Any CPU
		{46FC0041-A808-4B68-B335-5FF04CD2D135}.Debug|Any CPU.Build.0 = Debug|Any CPU
		{46FC0041-A808-4B68-B335-5FF04CD2D135}.Release|Any CPU.ActiveCfg = Release|Any CPU
		{46FC0041-A808-4B68-B335-5FF04CD2D135}.Release|Any CPU.Build.0 = Release|Any CPU
	EndGlobalSection
	GlobalSection(SolutionProperties) = preSolution
		HideSolutionNode = FALSE
	EndGlobalSection
	GlobalSection(ExtensibilityGlobals) = postSolution
		SolutionGuid = {1B71D638-5C69-49DE-A2BB-7B0CAF8848C4}
	EndGlobalSection
EndGlobal
