
Microsoft Visual Studio Solution File, Format Version 12.00
# Visual Studio Version 16
VisualStudioVersion = 16.0.31515.178
MinimumVisualStudioVersion = 10.0.40219.1
Project("{FAE04EC0-301F-11D3-BF4B-00C04F79EFBC}") = "arrayLearning", "arrayLearning\arrayLearning.csproj", "{24DBD53D-345E-4D3D-95B2-F0B8C0479236}"
EndProject
Global
	GlobalSection(SolutionConfigurationPlatforms) = preSolution
		Debug|Any CPU = Debug|Any CPU
		Release|Any CPU = Release|Any CPU
	EndGlobalSection
	GlobalSection(ProjectConfigurationPlatforms) = postSolution
		{24DBD53D-345E-4D3D-95B2-F0B8C0479236}.Debug|Any CPU.ActiveCfg = Debug|Any CPU
		{24DBD53D-345E-4D3D-95B2-F0B8C0479236}.Debug|Any CPU.Build.0 = Debug|Any CPU
		{24DBD53D-345E-4D3D-95B2-F0B8C0479236}.Release|Any CPU.ActiveCfg = Release|Any CPU
		{24DBD53D-345E-4D3D-95B2-F0B8C0479236}.Release|Any CPU.Build.0 = Release|Any CPU
	EndGlobalSection
	GlobalSection(SolutionProperties) = preSolution
		HideSolutionNode = FALSE
	EndGlobalSection
	GlobalSection(ExtensibilityGlobals) = postSolution
		SolutionGuid = {E8B6F52A-8F94-4CB2-9E58-5FB5A8F4EB14}
	EndGlobalSection
EndGlobal
