
Microsoft Visual Studio Solution File, Format Version 12.00
# Visual Studio Version 16
VisualStudioVersion = 16.0.31515.178
MinimumVisualStudioVersion = 10.0.40219.1
Project("{FAE04EC0-301F-11D3-BF4B-00C04F79EFBC}") = "arrayList", "arrayList\arrayList.csproj", "{88CE0AE4-DF5F-4737-AE9C-78605300BE2A}"
EndProject
Global
	GlobalSection(SolutionConfigurationPlatforms) = preSolution
		Debug|Any CPU = Debug|Any CPU
		Release|Any CPU = Release|Any CPU
	EndGlobalSection
	GlobalSection(ProjectConfigurationPlatforms) = postSolution
		{88CE0AE4-DF5F-4737-AE9C-78605300BE2A}.Debug|Any CPU.ActiveCfg = Debug|Any CPU
		{88CE0AE4-DF5F-4737-AE9C-78605300BE2A}.Debug|Any CPU.Build.0 = Debug|Any CPU
		{88CE0AE4-DF5F-4737-AE9C-78605300BE2A}.Release|Any CPU.ActiveCfg = Release|Any CPU
		{88CE0AE4-DF5F-4737-AE9C-78605300BE2A}.Release|Any CPU.Build.0 = Release|Any CPU
	EndGlobalSection
	GlobalSection(SolutionProperties) = preSolution
		HideSolutionNode = FALSE
	EndGlobalSection
	GlobalSection(ExtensibilityGlobals) = postSolution
		SolutionGuid = {DFEFA03B-6C4C-4432-ACC1-24DD7CDE7123}
	EndGlobalSection
EndGlobal
