
Microsoft Visual Studio Solution File, Format Version 12.00
# Visual Studio Version 16
VisualStudioVersion = 16.0.31515.178
MinimumVisualStudioVersion = 10.0.40219.1
Project("{FAE04EC0-301F-11D3-BF4B-00C04F79EFBC}") = "hastTable", "hastTable\hastTable.csproj", "{EE6828D9-59FD-4310-9A3B-D024D3E71075}"
EndProject
Global
	GlobalSection(SolutionConfigurationPlatforms) = preSolution
		Debug|Any CPU = Debug|Any CPU
		Release|Any CPU = Release|Any CPU
	EndGlobalSection
	GlobalSection(ProjectConfigurationPlatforms) = postSolution
		{EE6828D9-59FD-4310-9A3B-D024D3E71075}.Debug|Any CPU.ActiveCfg = Debug|Any CPU
		{EE6828D9-59FD-4310-9A3B-D024D3E71075}.Debug|Any CPU.Build.0 = Debug|Any CPU
		{EE6828D9-59FD-4310-9A3B-D024D3E71075}.Release|Any CPU.ActiveCfg = Release|Any CPU
		{EE6828D9-59FD-4310-9A3B-D024D3E71075}.Release|Any CPU.Build.0 = Release|Any CPU
	EndGlobalSection
	GlobalSection(SolutionProperties) = preSolution
		HideSolutionNode = FALSE
	EndGlobalSection
	GlobalSection(ExtensibilityGlobals) = postSolution
		SolutionGuid = {177F38E0-E5FD-41EB-8CCF-38A4B30DF147}
	EndGlobalSection
EndGlobal
